
Microsoft Visual Studio Solution File, Format Version 12.00
# Visual Studio 15
VisualStudioVersion = 15.0.26403.3
MinimumVisualStudioVersion = 10.0.40219.1
Project("{FAE04EC0-301F-11D3-BF4B-00C04F79EFBC}") = "EquipWPF", "EquipWPF\EquipWPF.csproj", "{1131447A-2F9F-4763-8DFC-208B9DFD6613}"
EndProject
Project("{FAE04EC0-301F-11D3-BF4B-00C04F79EFBC}") = "InterpApp", "..\Interpolator\InterpSolution\InterpApp\InterpApp.csproj", "{5C93BCEB-59BC-4510-823E-8860581B1332}"
EndProject
Project("{FAE04EC0-301F-11D3-BF4B-00C04F79EFBC}") = "MyRandom", "..\Interpolator\InterpSolution\MyRandom\MyRandom.csproj", "{DB584195-10A3-4633-9388-919F7B8FE87A}"
EndProject
Project("{FAE04EC0-301F-11D3-BF4B-00C04F79EFBC}") = "StateTests", "StateTests\StateTests.csproj", "{F6DE69B1-0CA4-4B01-AEA5-FFFDF654EBA7}"
EndProject
Project("{FAE04EC0-301F-11D3-BF4B-00C04F79EFBC}") = "GameLoop", "GameLoop\GameLoop.csproj", "{1044E80E-C218-4F42-B401-1C562E52517A}"
EndProject
Project("{FAE04EC0-301F-11D3-BF4B-00C04F79EFBC}") = "CoordGrab", "..\CoordGrab\CoordGrab\CoordGrab.csproj", "{8097A473-9297-4D4C-AC9D-12F392593BC4}"
EndProject
Project("{FAE04EC0-301F-11D3-BF4B-00C04F79EFBC}") = "GameLoopTests", "GameLoopTests\GameLoopTests.csproj", "{B0ADD7A4-CDDD-4BD1-970D-FD82BA561AF0}"
EndProject
Project("{FAE04EC0-301F-11D3-BF4B-00C04F79EFBC}") = "parallel_training", "parallel_training\parallel_training.csproj", "{C586C3A6-F3F6-42A2-9423-39CAD0E32C88}"
EndProject
Project("{FAE04EC0-301F-11D3-BF4B-00C04F79EFBC}") = "parallel_training1", "parallel_training1\parallel_training1.csproj", "{A82E6D33-2520-4231-827A-F6E57B440E27}"
EndProject
Project("{FAE04EC0-301F-11D3-BF4B-00C04F79EFBC}") = "parallel_training2", "parallel_training2\parallel_training2.csproj", "{FC4F0E68-11CD-47B2-B61D-587AE23C37A6}"
EndProject
Project("{FAE04EC0-301F-11D3-BF4B-00C04F79EFBC}") = "parallel_training3", "parallel_training3\parallel_training3.csproj", "{E859DF27-346A-4ABD-B956-215F61CEFAE9}"
EndProject
Project("{FAE04EC0-301F-11D3-BF4B-00C04F79EFBC}") = "ForLuda", "ForLuda\ForLuda.csproj", "{AFA37303-1265-4FC2-871D-59D378267F23}"
EndProject
Global
	GlobalSection(SolutionConfigurationPlatforms) = preSolution
		Debug|Any CPU = Debug|Any CPU
		Debug|x64 = Debug|x64
		Debug|x86 = Debug|x86
		Release|Any CPU = Release|Any CPU
		Release|x64 = Release|x64
		Release|x86 = Release|x86
	EndGlobalSection
	GlobalSection(ProjectConfigurationPlatforms) = postSolution
		{1131447A-2F9F-4763-8DFC-208B9DFD6613}.Debug|Any CPU.ActiveCfg = Debug|Any CPU
		{1131447A-2F9F-4763-8DFC-208B9DFD6613}.Debug|Any CPU.Build.0 = Debug|Any CPU
		{1131447A-2F9F-4763-8DFC-208B9DFD6613}.Debug|x64.ActiveCfg = Debug|x64
		{1131447A-2F9F-4763-8DFC-208B9DFD6613}.Debug|x64.Build.0 = Debug|x64
		{1131447A-2F9F-4763-8DFC-208B9DFD6613}.Debug|x86.ActiveCfg = Debug|Any CPU
		{1131447A-2F9F-4763-8DFC-208B9DFD6613}.Debug|x86.Build.0 = Debug|Any CPU
		{1131447A-2F9F-4763-8DFC-208B9DFD6613}.Release|Any CPU.ActiveCfg = Release|Any CPU
		{1131447A-2F9F-4763-8DFC-208B9DFD6613}.Release|Any CPU.Build.0 = Release|Any CPU
		{1131447A-2F9F-4763-8DFC-208B9DFD6613}.Release|x64.ActiveCfg = Release|x64
		{1131447A-2F9F-4763-8DFC-208B9DFD6613}.Release|x64.Build.0 = Release|x64
		{1131447A-2F9F-4763-8DFC-208B9DFD6613}.Release|x86.ActiveCfg = Release|Any CPU
		{1131447A-2F9F-4763-8DFC-208B9DFD6613}.Release|x86.Build.0 = Release|Any CPU
		{5C93BCEB-59BC-4510-823E-8860581B1332}.Debug|Any CPU.ActiveCfg = Debug|Any CPU
		{5C93BCEB-59BC-4510-823E-8860581B1332}.Debug|Any CPU.Build.0 = Debug|Any CPU
		{5C93BCEB-59BC-4510-823E-8860581B1332}.Debug|x64.ActiveCfg = Debug|Any CPU
		{5C93BCEB-59BC-4510-823E-8860581B1332}.Debug|x64.Build.0 = Debug|Any CPU
		{5C93BCEB-59BC-4510-823E-8860581B1332}.Debug|x86.ActiveCfg = Debug|x86
		{5C93BCEB-59BC-4510-823E-8860581B1332}.Debug|x86.Build.0 = Debug|x86
		{5C93BCEB-59BC-4510-823E-8860581B1332}.Release|Any CPU.ActiveCfg = Release|Any CPU
		{5C93BCEB-59BC-4510-823E-8860581B1332}.Release|Any CPU.Build.0 = Release|Any CPU
		{5C93BCEB-59BC-4510-823E-8860581B1332}.Release|x64.ActiveCfg = Release|Any CPU
		{5C93BCEB-59BC-4510-823E-8860581B1332}.Release|x64.Build.0 = Release|Any CPU
		{5C93BCEB-59BC-4510-823E-8860581B1332}.Release|x86.ActiveCfg = Release|x86
		{5C93BCEB-59BC-4510-823E-8860581B1332}.Release|x86.Build.0 = Release|x86
		{DB584195-10A3-4633-9388-919F7B8FE87A}.Debug|Any CPU.ActiveCfg = Debug|Any CPU
		{DB584195-10A3-4633-9388-919F7B8FE87A}.Debug|Any CPU.Build.0 = Debug|Any CPU
		{DB584195-10A3-4633-9388-919F7B8FE87A}.Debug|x64.ActiveCfg = Debug|Any CPU
		{DB584195-10A3-4633-9388-919F7B8FE87A}.Debug|x64.Build.0 = Debug|Any CPU
		{DB584195-10A3-4633-9388-919F7B8FE87A}.Debug|x86.ActiveCfg = Debug|x86
		{DB584195-10A3-4633-9388-919F7B8FE87A}.Debug|x86.Build.0 = Debug|x86
		{DB584195-10A3-4633-9388-919F7B8FE87A}.Release|Any CPU.ActiveCfg = Release|Any CPU
		{DB584195-10A3-4633-9388-919F7B8FE87A}.Release|Any CPU.Build.0 = Release|Any CPU
		{DB584195-10A3-4633-9388-919F7B8FE87A}.Release|x64.ActiveCfg = Release|Any CPU
		{DB584195-10A3-4633-9388-919F7B8FE87A}.Release|x64.Build.0 = Release|Any CPU
		{DB584195-10A3-4633-9388-919F7B8FE87A}.Release|x86.ActiveCfg = Release|x86
		{DB584195-10A3-4633-9388-919F7B8FE87A}.Release|x86.Build.0 = Release|x86
		{F6DE69B1-0CA4-4B01-AEA5-FFFDF654EBA7}.Debug|Any CPU.ActiveCfg = Debug|Any CPU
		{F6DE69B1-0CA4-4B01-AEA5-FFFDF654EBA7}.Debug|Any CPU.Build.0 = Debug|Any CPU
		{F6DE69B1-0CA4-4B01-AEA5-FFFDF654EBA7}.Debug|x64.ActiveCfg = Debug|Any CPU
		{F6DE69B1-0CA4-4B01-AEA5-FFFDF654EBA7}.Debug|x64.Build.0 = Debug|Any CPU
		{F6DE69B1-0CA4-4B01-AEA5-FFFDF654EBA7}.Debug|x86.ActiveCfg = Debug|Any CPU
		{F6DE69B1-0CA4-4B01-AEA5-FFFDF654EBA7}.Debug|x86.Build.0 = Debug|Any CPU
		{F6DE69B1-0CA4-4B01-AEA5-FFFDF654EBA7}.Release|Any CPU.ActiveCfg = Release|Any CPU
		{F6DE69B1-0CA4-4B01-AEA5-FFFDF654EBA7}.Release|Any CPU.Build.0 = Release|Any CPU
		{F6DE69B1-0CA4-4B01-AEA5-FFFDF654EBA7}.Release|x64.ActiveCfg = Release|Any CPU
		{F6DE69B1-0CA4-4B01-AEA5-FFFDF654EBA7}.Release|x64.Build.0 = Release|Any CPU
		{F6DE69B1-0CA4-4B01-AEA5-FFFDF654EBA7}.Release|x86.ActiveCfg = Release|Any CPU
		{F6DE69B1-0CA4-4B01-AEA5-FFFDF654EBA7}.Release|x86.Build.0 = Release|Any CPU
		{1044E80E-C218-4F42-B401-1C562E52517A}.Debug|Any CPU.ActiveCfg = Debug|Any CPU
		{1044E80E-C218-4F42-B401-1C562E52517A}.Debug|Any CPU.Build.0 = Debug|Any CPU
		{1044E80E-C218-4F42-B401-1C562E52517A}.Debug|x64.ActiveCfg = Debug|Any CPU
		{1044E80E-C218-4F42-B401-1C562E52517A}.Debug|x64.Build.0 = Debug|Any CPU
		{1044E80E-C218-4F42-B401-1C562E52517A}.Debug|x86.ActiveCfg = Debug|Any CPU
		{1044E80E-C218-4F42-B401-1C562E52517A}.Debug|x86.Build.0 = Debug|Any CPU
		{1044E80E-C218-4F42-B401-1C562E52517A}.Release|Any CPU.ActiveCfg = Release|Any CPU
		{1044E80E-C218-4F42-B401-1C562E52517A}.Release|Any CPU.Build.0 = Release|Any CPU
		{1044E80E-C218-4F42-B401-1C562E52517A}.Release|x64.ActiveCfg = Release|Any CPU
		{1044E80E-C218-4F42-B401-1C562E52517A}.Release|x64.Build.0 = Release|Any CPU
		{1044E80E-C218-4F42-B401-1C562E52517A}.Release|x86.ActiveCfg = Release|Any CPU
		{1044E80E-C218-4F42-B401-1C562E52517A}.Release|x86.Build.0 = Release|Any CPU
		{8097A473-9297-4D4C-AC9D-12F392593BC4}.Debug|Any CPU.ActiveCfg = Debug|Any CPU
		{8097A473-9297-4D4C-AC9D-12F392593BC4}.Debug|Any CPU.Build.0 = Debug|Any CPU
		{8097A473-9297-4D4C-AC9D-12F392593BC4}.Debug|x64.ActiveCfg = Debug|Any CPU
		{8097A473-9297-4D4C-AC9D-12F392593BC4}.Debug|x64.Build.0 = Debug|Any CPU
		{8097A473-9297-4D4C-AC9D-12F392593BC4}.Debug|x86.ActiveCfg = Debug|Any CPU
		{8097A473-9297-4D4C-AC9D-12F392593BC4}.Debug|x86.Build.0 = Debug|Any CPU
		{8097A473-9297-4D4C-AC9D-12F392593BC4}.Release|Any CPU.ActiveCfg = Release|Any CPU
		{8097A473-9297-4D4C-AC9D-12F392593BC4}.Release|Any CPU.Build.0 = Release|Any CPU
		{8097A473-9297-4D4C-AC9D-12F392593BC4}.Release|x64.ActiveCfg = Release|Any CPU
		{8097A473-9297-4D4C-AC9D-12F392593BC4}.Release|x64.Build.0 = Release|Any CPU
		{8097A473-9297-4D4C-AC9D-12F392593BC4}.Release|x86.ActiveCfg = Release|Any CPU
		{8097A473-9297-4D4C-AC9D-12F392593BC4}.Release|x86.Build.0 = Release|Any CPU
		{B0ADD7A4-CDDD-4BD1-970D-FD82BA561AF0}.Debug|Any CPU.ActiveCfg = Debug|Any CPU
		{B0ADD7A4-CDDD-4BD1-970D-FD82BA561AF0}.Debug|Any CPU.Build.0 = Debug|Any CPU
		{B0ADD7A4-CDDD-4BD1-970D-FD82BA561AF0}.Debug|x64.ActiveCfg = Debug|Any CPU
		{B0ADD7A4-CDDD-4BD1-970D-FD82BA561AF0}.Debug|x64.Build.0 = Debug|Any CPU
		{B0ADD7A4-CDDD-4BD1-970D-FD82BA561AF0}.Debug|x86.ActiveCfg = Debug|Any CPU
		{B0ADD7A4-CDDD-4BD1-970D-FD82BA561AF0}.Debug|x86.Build.0 = Debug|Any CPU
		{B0ADD7A4-CDDD-4BD1-970D-FD82BA561AF0}.Release|Any CPU.ActiveCfg = Release|Any CPU
		{B0ADD7A4-CDDD-4BD1-970D-FD82BA561AF0}.Release|Any CPU.Build.0 = Release|Any CPU
		{B0ADD7A4-CDDD-4BD1-970D-FD82BA561AF0}.Release|x64.ActiveCfg = Release|Any CPU
		{B0ADD7A4-CDDD-4BD1-970D-FD82BA561AF0}.Release|x64.Build.0 = Release|Any CPU
		{B0ADD7A4-CDDD-4BD1-970D-FD82BA561AF0}.Release|x86.ActiveCfg = Release|Any CPU
		{B0ADD7A4-CDDD-4BD1-970D-FD82BA561AF0}.Release|x86.Build.0 = Release|Any CPU
		{C586C3A6-F3F6-42A2-9423-39CAD0E32C88}.Debug|Any CPU.ActiveCfg = Debug|Any CPU
		{C586C3A6-F3F6-42A2-9423-39CAD0E32C88}.Debug|Any CPU.Build.0 = Debug|Any CPU
		{C586C3A6-F3F6-42A2-9423-39CAD0E32C88}.Debug|x64.ActiveCfg = Debug|Any CPU
		{C586C3A6-F3F6-42A2-9423-39CAD0E32C88}.Debug|x64.Build.0 = Debug|Any CPU
		{C586C3A6-F3F6-42A2-9423-39CAD0E32C88}.Debug|x86.ActiveCfg = Debug|Any CPU
		{C586C3A6-F3F6-42A2-9423-39CAD0E32C88}.Debug|x86.Build.0 = Debug|Any CPU
		{C586C3A6-F3F6-42A2-9423-39CAD0E32C88}.Release|Any CPU.ActiveCfg = Release|Any CPU
		{C586C3A6-F3F6-42A2-9423-39CAD0E32C88}.Release|Any CPU.Build.0 = Release|Any CPU
		{C586C3A6-F3F6-42A2-9423-39CAD0E32C88}.Release|x64.ActiveCfg = Release|Any CPU
		{C586C3A6-F3F6-42A2-9423-39CAD0E32C88}.Release|x64.Build.0 = Release|Any CPU
		{C586C3A6-F3F6-42A2-9423-39CAD0E32C88}.Release|x86.ActiveCfg = Release|Any CPU
		{C586C3A6-F3F6-42A2-9423-39CAD0E32C88}.Release|x86.Build.0 = Release|Any CPU
		{A82E6D33-2520-4231-827A-F6E57B440E27}.Debug|Any CPU.ActiveCfg = Debug|Any CPU
		{A82E6D33-2520-4231-827A-F6E57B440E27}.Debug|Any CPU.Build.0 = Debug|Any CPU
		{A82E6D33-2520-4231-827A-F6E57B440E27}.Debug|x64.ActiveCfg = Debug|Any CPU
		{A82E6D33-2520-4231-827A-F6E57B440E27}.Debug|x64.Build.0 = Debug|Any CPU
		{A82E6D33-2520-4231-827A-F6E57B440E27}.Debug|x86.ActiveCfg = Debug|Any CPU
		{A82E6D33-2520-4231-827A-F6E57B440E27}.Debug|x86.Build.0 = Debug|Any CPU
		{A82E6D33-2520-4231-827A-F6E57B440E27}.Release|Any CPU.ActiveCfg = Release|Any CPU
		{A82E6D33-2520-4231-827A-F6E57B440E27}.Release|Any CPU.Build.0 = Release|Any CPU
		{A82E6D33-2520-4231-827A-F6E57B440E27}.Release|x64.ActiveCfg = Release|Any CPU
		{A82E6D33-2520-4231-827A-F6E57B440E27}.Release|x64.Build.0 = Release|Any CPU
		{A82E6D33-2520-4231-827A-F6E57B440E27}.Release|x86.ActiveCfg = Release|Any CPU
		{A82E6D33-2520-4231-827A-F6E57B440E27}.Release|x86.Build.0 = Release|Any CPU
		{FC4F0E68-11CD-47B2-B61D-587AE23C37A6}.Debug|Any CPU.ActiveCfg = Debug|Any CPU
		{FC4F0E68-11CD-47B2-B61D-587AE23C37A6}.Debug|Any CPU.Build.0 = Debug|Any CPU
		{FC4F0E68-11CD-47B2-B61D-587AE23C37A6}.Debug|x64.ActiveCfg = Debug|Any CPU
		{FC4F0E68-11CD-47B2-B61D-587AE23C37A6}.Debug|x64.Build.0 = Debug|Any CPU
		{FC4F0E68-11CD-47B2-B61D-587AE23C37A6}.Debug|x86.ActiveCfg = Debug|Any CPU
		{FC4F0E68-11CD-47B2-B61D-587AE23C37A6}.Debug|x86.Build.0 = Debug|Any CPU
		{FC4F0E68-11CD-47B2-B61D-587AE23C37A6}.Release|Any CPU.ActiveCfg = Release|Any CPU
		{FC4F0E68-11CD-47B2-B61D-587AE23C37A6}.Release|Any CPU.Build.0 = Release|Any CPU
		{FC4F0E68-11CD-47B2-B61D-587AE23C37A6}.Release|x64.ActiveCfg = Release|Any CPU
		{FC4F0E68-11CD-47B2-B61D-587AE23C37A6}.Release|x64.Build.0 = Release|Any CPU
		{FC4F0E68-11CD-47B2-B61D-587AE23C37A6}.Release|x86.ActiveCfg = Release|Any CPU
		{FC4F0E68-11CD-47B2-B61D-587AE23C37A6}.Release|x86.Build.0 = Release|Any CPU
		{E859DF27-346A-4ABD-B956-215F61CEFAE9}.Debug|Any CPU.ActiveCfg = Debug|Any CPU
		{E859DF27-346A-4ABD-B956-215F61CEFAE9}.Debug|Any CPU.Build.0 = Debug|Any CPU
		{E859DF27-346A-4ABD-B956-215F61CEFAE9}.Debug|x64.ActiveCfg = Debug|Any CPU
		{E859DF27-346A-4ABD-B956-215F61CEFAE9}.Debug|x64.Build.0 = Debug|Any CPU
		{E859DF27-346A-4ABD-B956-215F61CEFAE9}.Debug|x86.ActiveCfg = Debug|Any CPU
		{E859DF27-346A-4ABD-B956-215F61CEFAE9}.Debug|x86.Build.0 = Debug|Any CPU
		{E859DF27-346A-4ABD-B956-215F61CEFAE9}.Release|Any CPU.ActiveCfg = Release|Any CPU
		{E859DF27-346A-4ABD-B956-215F61CEFAE9}.Release|Any CPU.Build.0 = Release|Any CPU
		{E859DF27-346A-4ABD-B956-215F61CEFAE9}.Release|x64.ActiveCfg = Release|Any CPU
		{E859DF27-346A-4ABD-B956-215F61CEFAE9}.Release|x64.Build.0 = Release|Any CPU
		{E859DF27-346A-4ABD-B956-215F61CEFAE9}.Release|x86.ActiveCfg = Release|Any CPU
		{E859DF27-346A-4ABD-B956-215F61CEFAE9}.Release|x86.Build.0 = Release|Any CPU
		{AFA37303-1265-4FC2-871D-59D378267F23}.Debug|Any CPU.ActiveCfg = Debug|Any CPU
		{AFA37303-1265-4FC2-871D-59D378267F23}.Debug|Any CPU.Build.0 = Debug|Any CPU
		{AFA37303-1265-4FC2-871D-59D378267F23}.Debug|x64.ActiveCfg = Debug|Any CPU
		{AFA37303-1265-4FC2-871D-59D378267F23}.Debug|x64.Build.0 = Debug|Any CPU
		{AFA37303-1265-4FC2-871D-59D378267F23}.Debug|x86.ActiveCfg = Debug|Any CPU
		{AFA37303-1265-4FC2-871D-59D378267F23}.Debug|x86.Build.0 = Debug|Any CPU
		{AFA37303-1265-4FC2-871D-59D378267F23}.Release|Any CPU.ActiveCfg = Release|Any CPU
		{AFA37303-1265-4FC2-871D-59D378267F23}.Release|Any CPU.Build.0 = Release|Any CPU
		{AFA37303-1265-4FC2-871D-59D378267F23}.Release|x64.ActiveCfg = Release|Any CPU
		{AFA37303-1265-4FC2-871D-59D378267F23}.Release|x64.Build.0 = Release|Any CPU
		{AFA37303-1265-4FC2-871D-59D378267F23}.Release|x86.ActiveCfg = Release|Any CPU
		{AFA37303-1265-4FC2-871D-59D378267F23}.Release|x86.Build.0 = Release|Any CPU
	EndGlobalSection
	GlobalSection(SolutionProperties) = preSolution
		HideSolutionNode = FALSE
	EndGlobalSection
EndGlobal
